{
  "name": "cachemunk",
  "version": "1.0.3",
  "lockfileVersion": 3,
  "requires": true,
  "packages": {
    "": {
      "name": "cachemunk",
      "version": "1.0.3",
      "license": "MIT",
      "dependencies": {
        "ioredis": "^5.4.1",
        "snappy": "^7.2.2"
      },
      "devDependencies": {
        "@types/node": "^20.14.1",
        "typescript": "^5.4.5"
      }
    },
    "node_modules/@ioredis/commands": {
      "version": "1.2.0",
      "resolved": "https://registry.npmjs.org/@ioredis/commands/-/commands-1.2.0.tgz",
      "integrity": "sha512-Sx1pU8EM64o2BrqNpEO1CNLtKQwyhuXuqyfH7oGKCk+1a33d2r5saW8zNwm3j6BTExtjrv2BxTgzzkMwts6vGg==",
      "license": "MIT"
    },
    "node_modules/@napi-rs/snappy-android-arm-eabi": {
      "version": "7.2.2",
      "resolved": "https://registry.npmjs.org/@napi-rs/snappy-android-arm-eabi/-/snappy-android-arm-eabi-7.2.2.tgz",
      "integrity": "sha512-H7DuVkPCK5BlAr1NfSU8bDEN7gYs+R78pSHhDng83QxRnCLmVIZk33ymmIwurmoA1HrdTxbkbuNl+lMvNqnytw==",
      "cpu": [
        "arm"
      ],
      "license": "MIT",
      "optional": true,
      "os": [
        "android"
      ],
      "engines": {
        "node": ">= 10"
      }
    },
    "node_modules/@napi-rs/snappy-android-arm64": {
      "version": "7.2.2",
      "resolved": "https://registry.npmjs.org/@napi-rs/snappy-android-arm64/-/snappy-android-arm64-7.2.2.tgz",
      "integrity": "sha512-2R/A3qok+nGtpVK8oUMcrIi5OMDckGYNoBLFyli3zp8w6IArPRfg1yOfVUcHvpUDTo9T7LOS1fXgMOoC796eQw==",
      "cpu": [
        "arm64"
      ],
      "license": "MIT",
      "optional": true,
      "os": [
        "android"
      ],
      "engines": {
        "node": ">= 10"
      }
    },
    "node_modules/@napi-rs/snappy-darwin-arm64": {
      "version": "7.2.2",
      "resolved": "https://registry.npmjs.org/@napi-rs/snappy-darwin-arm64/-/snappy-darwin-arm64-7.2.2.tgz",
      "integrity": "sha512-USgArHbfrmdbuq33bD5ssbkPIoT7YCXCRLmZpDS6dMDrx+iM7eD2BecNbOOo7/v1eu6TRmQ0xOzeQ6I/9FIi5g==",
      "cpu": [
        "arm64"
      ],
      "license": "MIT",
      "optional": true,
      "os": [
        "darwin"
      ],
      "engines": {
        "node": ">= 10"
      }
    },
    "node_modules/@napi-rs/snappy-darwin-x64": {
      "version": "7.2.2",
      "resolved": "https://registry.npmjs.org/@napi-rs/snappy-darwin-x64/-/snappy-darwin-x64-7.2.2.tgz",
      "integrity": "sha512-0APDu8iO5iT0IJKblk2lH0VpWSl9zOZndZKnBYIc+ei1npw2L5QvuErFOTeTdHBtzvUHASB+9bvgaWnQo4PvTQ==",
      "cpu": [
        "x64"
      ],
      "license": "MIT",
      "optional": true,
      "os": [
        "darwin"
      ],
      "engines": {
        "node": ">= 10"
      }
    },
    "node_modules/@napi-rs/snappy-freebsd-x64": {
      "version": "7.2.2",
      "resolved": "https://registry.npmjs.org/@napi-rs/snappy-freebsd-x64/-/snappy-freebsd-x64-7.2.2.tgz",
      "integrity": "sha512-mRTCJsuzy0o/B0Hnp9CwNB5V6cOJ4wedDTWEthsdKHSsQlO7WU9W1yP7H3Qv3Ccp/ZfMyrmG98Ad7u7lG58WXA==",
      "cpu": [
        "x64"
      ],
      "license": "MIT",
      "optional": true,
      "os": [
        "freebsd"
      ],
      "engines": {
        "node": ">= 10"
      }
    },
    "node_modules/@napi-rs/snappy-linux-arm-gnueabihf": {
      "version": "7.2.2",
      "resolved": "https://registry.npmjs.org/@napi-rs/snappy-linux-arm-gnueabihf/-/snappy-linux-arm-gnueabihf-7.2.2.tgz",
      "integrity": "sha512-v1uzm8+6uYjasBPcFkv90VLZ+WhLzr/tnfkZ/iD9mHYiULqkqpRuC8zvc3FZaJy5wLQE9zTDkTJN1IvUcZ+Vcg==",
      "cpu": [
        "arm"
      ],
      "license": "MIT",
      "optional": true,
      "os": [
        "linux"
      ],
      "engines": {
        "node": ">= 10"
      }
    },
    "node_modules/@napi-rs/snappy-linux-arm64-gnu": {
      "version": "7.2.2",
      "resolved": "https://registry.npmjs.org/@napi-rs/snappy-linux-arm64-gnu/-/snappy-linux-arm64-gnu-7.2.2.tgz",
      "integrity": "sha512-LrEMa5pBScs4GXWOn6ZYXfQ72IzoolZw5txqUHVGs8eK4g1HR9HTHhb2oY5ySNaKakG5sOgMsb1rwaEnjhChmQ==",
      "cpu": [
        "arm64"
      ],
      "license": "MIT",
      "optional": true,
      "os": [
        "linux"
      ],
      "engines": {
        "node": ">= 10"
      }
    },
    "node_modules/@napi-rs/snappy-linux-arm64-musl": {
      "version": "7.2.2",
      "resolved": "https://registry.npmjs.org/@napi-rs/snappy-linux-arm64-musl/-/snappy-linux-arm64-musl-7.2.2.tgz",
      "integrity": "sha512-3orWZo9hUpGQcB+3aTLW7UFDqNCQfbr0+MvV67x8nMNYj5eAeUtMmUE/HxLznHO4eZ1qSqiTwLbVx05/Socdlw==",
      "cpu": [
        "arm64"
      ],
      "license": "MIT",
      "optional": true,
      "os": [
        "linux"
      ],
      "engines": {
        "node": ">= 10"
      }
    },
    "node_modules/@napi-rs/snappy-linux-x64-gnu": {
      "version": "7.2.2",
      "resolved": "https://registry.npmjs.org/@napi-rs/snappy-linux-x64-gnu/-/snappy-linux-x64-gnu-7.2.2.tgz",
      "integrity": "sha512-jZt8Jit/HHDcavt80zxEkDpH+R1Ic0ssiVCoueASzMXa7vwPJeF4ZxZyqUw4qeSy7n8UUExomu8G8ZbP6VKhgw==",
      "cpu": [
        "x64"
      ],
      "license": "MIT",
      "optional": true,
      "os": [
        "linux"
      ],
      "engines": {
        "node": ">= 10"
      }
    },
    "node_modules/@napi-rs/snappy-linux-x64-musl": {
      "version": "7.2.2",
      "resolved": "https://registry.npmjs.org/@napi-rs/snappy-linux-x64-musl/-/snappy-linux-x64-musl-7.2.2.tgz",
      "integrity": "sha512-Dh96IXgcZrV39a+Tej/owcd9vr5ihiZ3KRix11rr1v0MWtVb61+H1GXXlz6+Zcx9y8jM1NmOuiIuJwkV4vZ4WA==",
      "cpu": [
        "x64"
      ],
      "license": "MIT",
      "optional": true,
      "os": [
        "linux"
      ],
      "engines": {
        "node": ">= 10"
      }
    },
    "node_modules/@napi-rs/snappy-win32-arm64-msvc": {
      "version": "7.2.2",
      "resolved": "https://registry.npmjs.org/@napi-rs/snappy-win32-arm64-msvc/-/snappy-win32-arm64-msvc-7.2.2.tgz",
      "integrity": "sha512-9No0b3xGbHSWv2wtLEn3MO76Yopn1U2TdemZpCaEgOGccz1V+a/1d16Piz3ofSmnA13HGFz3h9NwZH9EOaIgYA==",
      "cpu": [
        "arm64"
      ],
      "license": "MIT",
      "optional": true,
      "os": [
        "win32"
      ],
      "engines": {
        "node": ">= 10"
      }
    },
    "node_modules/@napi-rs/snappy-win32-ia32-msvc": {
      "version": "7.2.2",
      "resolved": "https://registry.npmjs.org/@napi-rs/snappy-win32-ia32-msvc/-/snappy-win32-ia32-msvc-7.2.2.tgz",
      "integrity": "sha512-QiGe+0G86J74Qz1JcHtBwM3OYdTni1hX1PFyLRo3HhQUSpmi13Bzc1En7APn+6Pvo7gkrcy81dObGLDSxFAkQQ==",
      "cpu": [
        "ia32"
      ],
      "license": "MIT",
      "optional": true,
      "os": [
        "win32"
      ],
      "engines": {
        "node": ">= 10"
      }
    },
    "node_modules/@napi-rs/snappy-win32-x64-msvc": {
      "version": "7.2.2",
      "resolved": "https://registry.npmjs.org/@napi-rs/snappy-win32-x64-msvc/-/snappy-win32-x64-msvc-7.2.2.tgz",
      "integrity": "sha512-a43cyx1nK0daw6BZxVcvDEXxKMFLSBSDTAhsFD0VqSKcC7MGUBMaqyoWUcMiI7LBSz4bxUmxDWKfCYzpEmeb3w==",
      "cpu": [
        "x64"
      ],
      "license": "MIT",
      "optional": true,
      "os": [
        "win32"
      ],
      "engines": {
        "node": ">= 10"
      }
    },
    "node_modules/@types/node": {
      "version": "20.14.1",
      "resolved": "https://registry.npmjs.org/@types/node/-/node-20.14.1.tgz",
      "integrity": "sha512-T2MzSGEu+ysB/FkWfqmhV3PLyQlowdptmmgD20C6QxsS8Fmv5SjpZ1ayXaEC0S21/h5UJ9iA6W/5vSNU5l00OA==",
      "dev": true,
      "license": "MIT",
      "dependencies": {
        "undici-types": "~5.26.4"
      }
    },
    "node_modules/cluster-key-slot": {
      "version": "1.1.2",
      "resolved": "https://registry.npmjs.org/cluster-key-slot/-/cluster-key-slot-1.1.2.tgz",
      "integrity": "sha512-RMr0FhtfXemyinomL4hrWcYJxmX6deFdCxpJzhDttxgO1+bcCnkk+9drydLVDmAMG7NE6aN/fl4F7ucU/90gAA==",
      "license": "Apache-2.0",
      "engines": {
        "node": ">=0.10.0"
      }
    },
    "node_modules/debug": {
      "version": "4.3.5",
      "resolved": "https://registry.npmjs.org/debug/-/debug-4.3.5.tgz",
      "integrity": "sha512-pt0bNEmneDIvdL1Xsd9oDQ/wrQRkXDT4AUWlNZNPKvW5x/jyO9VFXkJUP07vQ2upmw5PlaITaPKc31jK13V+jg==",
      "license": "MIT",
      "dependencies": {
        "ms": "2.1.2"
      },
      "engines": {
        "node": ">=6.0"
      },
      "peerDependenciesMeta": {
        "supports-color": {
          "optional": true
        }
      }
    },
    "node_modules/denque": {
      "version": "2.1.0",
      "resolved": "https://registry.npmjs.org/denque/-/denque-2.1.0.tgz",
      "integrity": "sha512-HVQE3AAb/pxF8fQAoiqpvg9i3evqug3hoiwakOyZAwJm+6vZehbkYXZ0l4JxS+I3QxM97v5aaRNhj8v5oBhekw==",
      "license": "Apache-2.0",
      "engines": {
        "node": ">=0.10"
      }
    },
    "node_modules/ioredis": {
      "version": "5.4.1",
      "resolved": "https://registry.npmjs.org/ioredis/-/ioredis-5.4.1.tgz",
      "integrity": "sha512-2YZsvl7jopIa1gaePkeMtd9rAcSjOOjPtpcLlOeusyO+XH2SK5ZcT+UCrElPP+WVIInh2TzeI4XW9ENaSLVVHA==",
      "license": "MIT",
      "dependencies": {
        "@ioredis/commands": "^1.1.1",
        "cluster-key-slot": "^1.1.0",
        "debug": "^4.3.4",
        "denque": "^2.1.0",
        "lodash.defaults": "^4.2.0",
        "lodash.isarguments": "^3.1.0",
        "redis-errors": "^1.2.0",
        "redis-parser": "^3.0.0",
        "standard-as-callback": "^2.1.0"
      },
      "engines": {
        "node": ">=12.22.0"
      },
      "funding": {
        "type": "opencollective",
        "url": "https://opencollective.com/ioredis"
      }
    },
    "node_modules/lodash.defaults": {
      "version": "4.2.0",
      "resolved": "https://registry.npmjs.org/lodash.defaults/-/lodash.defaults-4.2.0.tgz",
      "integrity": "sha512-qjxPLHd3r5DnsdGacqOMU6pb/avJzdh9tFX2ymgoZE27BmjXrNy/y4LoaiTeAb+O3gL8AfpJGtqfX/ae2leYYQ==",
      "license": "MIT"
    },
    "node_modules/lodash.isarguments": {
      "version": "3.1.0",
      "resolved": "https://registry.npmjs.org/lodash.isarguments/-/lodash.isarguments-3.1.0.tgz",
      "integrity": "sha512-chi4NHZlZqZD18a0imDHnZPrDeBbTtVN7GXMwuGdRH9qotxAjYs3aVLKc7zNOG9eddR5Ksd8rvFEBc9SsggPpg==",
      "license": "MIT"
    },
    "node_modules/ms": {
      "version": "2.1.2",
      "resolved": "https://registry.npmjs.org/ms/-/ms-2.1.2.tgz",
      "integrity": "sha512-sGkPx+VjMtmA6MX27oA4FBFELFCZZ4S4XqeGOXCv68tT+jb3vk/RyaKWP0PTKyWtmLSM0b+adUTEvbs1PEaH2w==",
      "license": "MIT"
    },
    "node_modules/redis-errors": {
      "version": "1.2.0",
      "resolved": "https://registry.npmjs.org/redis-errors/-/redis-errors-1.2.0.tgz",
      "integrity": "sha512-1qny3OExCf0UvUV/5wpYKf2YwPcOqXzkwKKSmKHiE6ZMQs5heeE/c8eXK+PNllPvmjgAbfnsbpkGZWy8cBpn9w==",
      "license": "MIT",
      "engines": {
        "node": ">=4"
      }
    },
    "node_modules/redis-parser": {
      "version": "3.0.0",
      "resolved": "https://registry.npmjs.org/redis-parser/-/redis-parser-3.0.0.tgz",
      "integrity": "sha512-DJnGAeenTdpMEH6uAJRK/uiyEIH9WVsUmoLwzudwGJUwZPp80PDBWPHXSAGNPwNvIXAbe7MSUB1zQFugFml66A==",
      "license": "MIT",
      "dependencies": {
        "redis-errors": "^1.0.0"
      },
      "engines": {
        "node": ">=4"
      }
    },
    "node_modules/snappy": {
      "version": "7.2.2",
      "resolved": "https://registry.npmjs.org/snappy/-/snappy-7.2.2.tgz",
      "integrity": "sha512-iADMq1kY0v3vJmGTuKcFWSXt15qYUz7wFkArOrsSg0IFfI3nJqIJvK2/ZbEIndg7erIJLtAVX2nSOqPz7DcwbA==",
      "license": "MIT",
      "engines": {
        "node": ">= 10"
      },
      "funding": {
        "type": "github",
        "url": "https://github.com/sponsors/Brooooooklyn"
      },
      "optionalDependencies": {
        "@napi-rs/snappy-android-arm-eabi": "7.2.2",
        "@napi-rs/snappy-android-arm64": "7.2.2",
        "@napi-rs/snappy-darwin-arm64": "7.2.2",
        "@napi-rs/snappy-darwin-x64": "7.2.2",
        "@napi-rs/snappy-freebsd-x64": "7.2.2",
        "@napi-rs/snappy-linux-arm-gnueabihf": "7.2.2",
        "@napi-rs/snappy-linux-arm64-gnu": "7.2.2",
        "@napi-rs/snappy-linux-arm64-musl": "7.2.2",
        "@napi-rs/snappy-linux-x64-gnu": "7.2.2",
        "@napi-rs/snappy-linux-x64-musl": "7.2.2",
        "@napi-rs/snappy-win32-arm64-msvc": "7.2.2",
        "@napi-rs/snappy-win32-ia32-msvc": "7.2.2",
        "@napi-rs/snappy-win32-x64-msvc": "7.2.2"
      }
    },
    "node_modules/standard-as-callback": {
      "version": "2.1.0",
      "resolved": "https://registry.npmjs.org/standard-as-callback/-/standard-as-callback-2.1.0.tgz",
      "integrity": "sha512-qoRRSyROncaz1z0mvYqIE4lCd9p2R90i6GxW3uZv5ucSu8tU7B5HXUP1gG8pVZsYNVaXjk8ClXHPttLyxAL48A==",
      "license": "MIT"
    },
    "node_modules/typescript": {
      "version": "5.4.5",
      "resolved": "https://registry.npmjs.org/typescript/-/typescript-5.4.5.tgz",
      "integrity": "sha512-vcI4UpRgg81oIRUFwR0WSIHKt11nJ7SAVlYNIu+QpqeyXP+gpQJy/Z4+F0aGxSE4MqwjyXvW/TzgkLAx2AGHwQ==",
      "dev": true,
      "license": "Apache-2.0",
      "bin": {
        "tsc": "bin/tsc",
        "tsserver": "bin/tsserver"
      },
      "engines": {
        "node": ">=14.17"
      }
    },
    "node_modules/undici-types": {
      "version": "5.26.5",
      "resolved": "https://registry.npmjs.org/undici-types/-/undici-types-5.26.5.tgz",
      "integrity": "sha512-JlCMO+ehdEIKqlFxk6IfVoAUVmgz7cU7zD/h9XZ0qzeosSHmUJVOzSQvvYSYWXkFXC+IfLKSIffhv0sVZup6pA==",
      "dev": true,
      "license": "MIT"
    }
  }
}
